Microsoft Visual Studio Solution File, Format Version 12.00
# Visual Studio Version 17
VisualStudioVersion = 17.10.35013.160
MinimumVisualStudioVersion = 10.0.40219.1
Project("{9A19103F-16F7-4668-BE54-9A1E7A4F7556}") = "TodoList.Api", "TodoList.Api\TodoList.Api.csproj", "{065CE954-2618-4A24-A613-9C336C2154C6}"
EndProject
Project("{9A19103F-16F7-4668-BE54-9A1E7A4F7556}") = "TodoList.Application", "TodoList.Application\TodoList.Application.csproj", "{7F1D0802-F20E-4BCA-BE82-EB6361AF2A0D}"
EndProject
Project("{9A19103F-16F7-4668-BE54-9A1E7A4F7556}") = "TodoList.Infrastructure", "TodoList.Infrastructure\TodoList.Infrastructure.csproj", "{0B36DEE5-8644-4EA7-B63B-4A4BD289D7F9}"
EndProject
Project("{9A19103F-16F7-4668-BE54-9A1E7A4F7556}") = "TodoList.Domain", "TodoList.Domain\TodoList.Domain.csproj", "{2B329856-A94C-4DAD-AAFF-B34618A0E9C3}"
EndProject
Project("{9A19103F-16F7-4668-BE54-9A1E7A4F7556}") = "TodoList.Application.Tests", "TodoList.Application.Tests\TodoList.Application.Tests.csproj", "{4DBC5AB5-5952-48A6-A0B9-A2640ADA4061}"
EndProject
Project("{9A19103F-16F7-4668-BE54-9A1E7A4F7556}") = "TodoList.Api.Tests", "TodoList.Api.Tests\TodoList.Api.Tests.csproj", "{9E64D080-1525-44EC-A50F-550A8225995C}"
EndProject
Project("{9A19103F-16F7-4668-BE54-9A1E7A4F7556}") = "TodoList.Domain.Tests", "TodoList.Domain.Tests\TodoList.Domain.Tests.csproj", "{AE1877B1-7A07-47B1-A7A9-E85C6A65F52F}"
EndProject
Project("{9A19103F-16F7-4668-BE54-9A1E7A4F7556}") = "TodoList.Infrastructure.Tests", "TodoList.Infrastructure.Tests\TodoList.Infrastructure.Tests.csproj", "{2AF8F1CF-FDAE-4F21-AEDF-B5F88B6734B3}"
EndProject
Project("{2150E333-8FDC-42A3-9474-1A3956D46DE8}") = "Tests", "Tests", "{558504FB-57BB-4125-93E5-580849BEEB1D}"
EndProject
Global
	GlobalSection(SolutionConfigurationPlatforms) = preSolution
		Debug|Any CPU = Debug|Any CPU
		Release|Any CPU = Release|Any CPU
	EndGlobalSection
	GlobalSection(ProjectConfigurationPlatforms) = postSolution
		{065CE954-2618-4A24-A613-9C336C2154C6}.Debug|Any CPU.ActiveCfg = Debug|Any CPU
		{065CE954-2618-4A24-A613-9C336C2154C6}.Debug|Any CPU.Build.0 = Debug|Any CPU
		{065CE954-2618-4A24-A613-9C336C2154C6}.Release|Any CPU.ActiveCfg = Release|Any CPU
		{065CE954-2618-4A24-A613-9C336C2154C6}.Release|Any CPU.Build.0 = Release|Any CPU
		{7F1D0802-F20E-4BCA-BE82-EB6361AF2A0D}.Debug|Any CPU.ActiveCfg = Debug|Any CPU
		{7F1D0802-F20E-4BCA-BE82-EB6361AF2A0D}.Debug|Any CPU.Build.0 = Debug|Any CPU
		{7F1D0802-F20E-4BCA-BE82-EB6361AF2A0D}.Release|Any CPU.ActiveCfg = Release|Any CPU
		{7F1D0802-F20E-4BCA-BE82-EB6361AF2A0D}.Release|Any CPU.Build.0 = Release|Any CPU
		{0B36DEE5-8644-4EA7-B63B-4A4BD289D7F9}.Debug|Any CPU.ActiveCfg = Debug|Any CPU
		{0B36DEE5-8644-4EA7-B63B-4A4BD289D7F9}.Debug|Any CPU.Build.0 = Debug|Any CPU
		{0B36DEE5-8644-4EA7-B63B-4A4BD289D7F9}.Release|Any CPU.ActiveCfg = Release|Any CPU
		{0B36DEE5-8644-4EA7-B63B-4A4BD289D7F9}.Release|Any CPU.Build.0 = Release|Any CPU
		{2B329856-A94C-4DAD-AAFF-B34618A0E9C3}.Debug|Any CPU.ActiveCfg = Debug|Any CPU
		{2B329856-A94C-4DAD-AAFF-B34618A0E9C3}.Debug|Any CPU.Build.0 = Debug|Any CPU
		{2B329856-A94C-4DAD-AAFF-B34618A0E9C3}.Release|Any CPU.ActiveCfg = Release|Any CPU
		{2B329856-A94C-4DAD-AAFF-B34618A0E9C3}.Release|Any CPU.Build.0 = Release|Any CPU
		{4DBC5AB5-5952-48A6-A0B9-A2640ADA4061}.Debug|Any CPU.ActiveCfg = Debug|Any CPU
		{4DBC5AB5-5952-48A6-A0B9-A2640ADA4061}.Debug|Any CPU.Build.0 = Debug|Any CPU
		{4DBC5AB5-5952-48A6-A0B9-A2640ADA4061}.Release|Any CPU.ActiveCfg = Release|Any CPU
		{4DBC5AB5-5952-48A6-A0B9-A2640ADA4061}.Release|Any CPU.Build.0 = Release|Any CPU
		{9E64D080-1525-44EC-A50F-550A8225995C}.Debug|Any CPU.ActiveCfg = Debug|Any CPU
		{9E64D080-1525-44EC-A50F-550A8225995C}.Debug|Any CPU.Build.0 = Debug|Any CPU
		{9E64D080-1525-44EC-A50F-550A8225995C}.Release|Any CPU.ActiveCfg = Release|Any CPU
		{9E64D080-1525-44EC-A50F-550A8225995C}.Release|Any CPU.Build.0 = Release|Any CPU
		{AE1877B1-7A07-47B1-A7A9-E85C6A65F52F}.Debug|Any CPU.ActiveCfg = Debug|Any CPU
		{AE1877B1-7A07-47B1-A7A9-E85C6A65F52F}.Debug|Any CPU.Build.0 = Debug|Any CPU
		{AE1877B1-7A07-47B1-A7A9-E85C6A65F52F}.Release|Any CPU.ActiveCfg = Release|Any CPU
		{AE1877B1-7A07-47B1-A7A9-E85C6A65F52F}.Release|Any CPU.Build.0 = Release|Any CPU
		{2AF8F1CF-FDAE-4F21-AEDF-B5F88B6734B3}.Debug|Any CPU.ActiveCfg = Debug|Any CPU
		{2AF8F1CF-FDAE-4F21-AEDF-B5F88B6734B3}.Debug|Any CPU.Build.0 = Debug|Any CPU
		{2AF8F1CF-FDAE-4F21-AEDF-B5F88B6734B3}.Release|Any CPU.ActiveCfg = Release|Any CPU
		{2AF8F1CF-FDAE-4F21-AEDF-B5F88B6734B3}.Release|Any CPU.Build.0 = Release|Any CPU
	EndGlobalSection
	GlobalSection(SolutionProperties) = preSolution
		HideSolutionNode = FALSE
	EndGlobalSection
	GlobalSection(ExtensibilityGlobals) = postSolution
		SolutionGuid = {061F7879-5D14-4C5E-A4A9-782C6FEB1132}
	EndGlobalSection
EndGlobal
